
Microsoft Visual Studio Solution File, Format Version 12.00
# Visual Studio Version 17
VisualStudioVersion = 17.8.34322.80
MinimumVisualStudioVersion = 10.0.40219.1
Project("{FAE04EC0-301F-11D3-BF4B-00C04F79EFBC}") = "SharedClasses", "SharedClasses\SharedClasses.csproj", "{39B0761D-D583-4300-B066-25A8D7DE78AA}"
EndProject
Global
	GlobalSection(SolutionConfigurationPlatforms) = preSolution
		Debug|Any CPU = Debug|Any CPU
		Release|Any CPU = Release|Any CPU
	EndGlobalSection
	GlobalSection(ProjectConfigurationPlatforms) = postSolution
		{39B0761D-D583-4300-B066-25A8D7DE78AA}.Debug|Any CPU.ActiveCfg = Debug|Any CPU
		{39B0761D-D583-4300-B066-25A8D7DE78AA}.Debug|Any CPU.Build.0 = Debug|Any CPU
		{39B0761D-D583-4300-B066-25A8D7DE78AA}.Release|Any CPU.ActiveCfg = Release|Any CPU
		{39B0761D-D583-4300-B066-25A8D7DE78AA}.Release|Any CPU.Build.0 = Release|Any CPU
	EndGlobalSection
	GlobalSection(SolutionProperties) = preSolution
		HideSolutionNode = FALSE
	EndGlobalSection
	GlobalSection(ExtensibilityGlobals) = postSolution
		SolutionGuid = {EF2E19BC-A140-4673-897C-B87F1544EBDB}
	EndGlobalSection
EndGlobal
